// !$*UTF8*$!
{
	archiveVersion = 1;
	classes = {
	};
	objectVersion = 56;
	objects = {

/* Begin PBXBuildFile section */
		464A44B62BD63CE4005214CB /* AppDelegate.swift in Sources */ = {isa = PBXBuildFile; fileRef = 464A44B52BD63CE4005214CB /* AppDelegate.swift */; };
		464A44B82BD63CE4005214CB /* SceneDelegate.swift in Sources */ = {isa = PBXBuildFile; fileRef = 464A44B72BD63CE4005214CB /* SceneDelegate.swift */; };
		464A44BA2BD63CE4005214CB /* ViewController.swift in Sources */ = {isa = PBXBuildFile; fileRef = 464A44B92BD63CE4005214CB /* ViewController.swift */; };
		464A44BD2BD63CE4005214CB /* Base in Resources */ = {isa = PBXBuildFile; fileRef = 464A44BC2BD63CE4005214CB /* Base */; };
		464A44BF2BD63CE6005214CB /* Assets.xcassets in Resources */ = {isa = PBXBuildFile; fileRef = 464A44BE2BD63CE6005214CB /* Assets.xcassets */; };
		464A44C22BD63CE6005214CB /* Base in Resources */ = {isa = PBXBuildFile; fileRef = 464A44C12BD63CE6005214CB /* Base */; };
/* End PBXBuildFile section */

/* Begin PBXFileReference section */
		464A44B22BD63CE4005214CB /* HadiBilet.app */ = {isa = PBXFileReference; explicitFileType = wrapper.application; includeInIndex = 0; path = HadiBilet.app; sourceTree = BUILT_PRODUCTS_DIR; };
		464A44B52BD63CE4005214CB /* AppDelegate.swift */ = {isa = PBXFileReference; lastKnownFileType = sourcecode.swift; path = AppDelegate.swift; sourceTree = "<group>"; };
		464A44B72BD63CE4005214CB /* SceneDelegate.swift */ = {isa = PBXFileReference; lastKnownFileType = sourcecode.swift; path = SceneDelegate.swift; sourceTree = "<group>"; };
		464A44B92BD63CE4005214CB /* ViewController.swift */ = {isa = PBXFileReference; lastKnownFileType = sourcecode.swift; path = ViewController.swift; sourceTree = "<group>"; };
		464A44BC2BD63CE4005214CB /* Base */ = {isa = PBXFileReference; lastKnownFileType = file.storyboard; name = Base; path = Base.lproj/Main.storyboard; sourceTree = "<group>"; };
		464A44BE2BD63CE6005214CB /* Assets.xcassets */ = {isa = PBXFileReference; lastKnownFileType = folder.assetcatalog; path = Assets.xcassets; sourceTree = "<group>"; };
		464A44C12BD63CE6005214CB /* Base */ = {isa = PBXFileReference; lastKnownFileType = file.storyboard; name = Base; path = Base.lproj/LaunchScreen.storyboard; sourceTree = "<group>"; };
		464A44C32BD63CE6005214CB /* Info.plist */ = {isa = PBXFileReference; lastKnownFileType = text.plist.xml; path = Info.plist; sourceTree = "<group>"; };
/* End PBXFileReference section */

/* Begin PBXFrameworksBuildPhase section */
		464A44AF2BD63CE4005214CB /* Frameworks */ = {
			isa = PBXFrameworksBuildPhase;
			buildActionMask = 2147483647;
			files = (
			);
			runOnlyForDeploymentPostprocessing = 0;
		};
/* End PBXFrameworksBuildPhase section */

/* Begin PBXGroup section */
		464A44A92BD63CE4005214CB = {
			isa = PBXGroup;
			children = (
				464A44B42BD63CE4005214CB /* HadiBilet */,
				464A44B32BD63CE4005214CB /* Products */,
			);
			sourceTree = "<group>";
		};
		464A44B32BD63CE4005214CB /* Products */ = {
			isa = PBXGroup;
			children = (
				464A44B22BD63CE4005214CB /* HadiBilet.app */,
			);
			name = Products;
			sourceTree = "<group>";
		};
		464A44B42BD63CE4005214CB /* HadiBilet */ = {
			isa = PBXGroup;
			children = (
				464A44CC2BD63ED7005214CB /* Resources */,
				464A44C92BD63E90005214CB /* Models */,
				464A44B52BD63CE4005214CB /* AppDelegate.swift */,
				464A44CA2BD63EA1005214CB /* Views */,
				464A44B72BD63CE4005214CB /* SceneDelegate.swift */,
				464A44CB2BD63EB5005214CB /* Controllers */,
				464A44BB2BD63CE4005214CB /* Main.storyboard */,
				464A44C02BD63CE6005214CB /* LaunchScreen.storyboard */,
				464A44C32BD63CE6005214CB /* Info.plist */,
			);
			path = HadiBilet;
			sourceTree = "<group>";
		};
		464A44C92BD63E90005214CB /* Models */ = {
			isa = PBXGroup;
			children = (
			);
			path = Models;
			sourceTree = "<group>";
		};
		464A44CA2BD63EA1005214CB /* Views */ = {
			isa = PBXGroup;
			children = (
			);
			path = Views;
			sourceTree = "<group>";
		};
		464A44CB2BD63EB5005214CB /* Controllers */ = {
			isa = PBXGroup;
			children = (
				464A44B92BD63CE4005214CB /* ViewController.swift */,
			);
			path = Controllers;
			sourceTree = "<group>";
		};
		464A44CC2BD63ED7005214CB /* Resources */ = {
			isa = PBXGroup;
			children = (
				464A44CD2BD63F1B005214CB /* Storyboards */,
				464A44BE2BD63CE6005214CB /* Assets.xcassets */,
			);
			path = Resources;
			sourceTree = "<group>";
		};
		464A44CD2BD63F1B005214CB /* Storyboards */ = {
			isa = PBXGroup;
			children = (
			);
			path = Storyboards;
			sourceTree = "<group>";
		};
/* End PBXGroup section */

/* Begin PBXNativeTarget section */
		464A44B12BD63CE4005214CB /* HadiBilet */ = {
			isa = PBXNativeTarget;
			buildConfigurationList = 464A44C62BD63CE6005214CB /* Build configuration list for PBXNativeTarget "HadiBilet" */;
			buildPhases = (
				464A44AE2BD63CE4005214CB /* Sources */,
				464A44AF2BD63CE4005214CB /* Frameworks */,
				464A44B02BD63CE4005214CB /* Resources */,
			);
			buildRules = (
			);
			dependencies = (
			);
			name = HadiBilet;
			productName = HadiBilet;
			productReference = 464A44B22BD63CE4005214CB /* HadiBilet.app */;
			productType = "com.apple.product-type.application";
		};
/* End PBXNativeTarget section */

/* Begin PBXProject section */
		464A44AA2BD63CE4005214CB /* Project object */ = {
			isa = PBXProject;
			attributes = {
				BuildIndependentTargetsInParallel = 1;
				LastSwiftUpdateCheck = 1530;
				LastUpgradeCheck = 1530;
				TargetAttributes = {
					464A44B12BD63CE4005214CB = {
						CreatedOnToolsVersion = 15.3;
					};
				};
			};
			buildConfigurationList = 464A44AD2BD63CE4005214CB /* Build configuration list for PBXProject "HadiBilet" */;
			compatibilityVersion = "Xcode 14.0";
			developmentRegion = en;
			hasScannedForEncodings = 0;
			knownRegions = (
				en,
				Base,
			);
			mainGroup = 464A44A92BD63CE4005214CB;
			productRefGroup = 464A44B32BD63CE4005214CB /* Products */;
			projectDirPath = "";
			projectRoot = "";
			targets = (
				464A44B12BD63CE4005214CB /* HadiBilet */,
			);
		};
/* End PBXProject section */

/* Begin PBXResourcesBuildPhase section */
		464A44B02BD63CE4005214CB /* Resources */ = {
			isa = PBXResourcesBuildPhase;
			buildActionMask = 2147483647;
			files = (
				464A44BF2BD63CE6005214CB /* Assets.xcassets in Resources */,
				464A44C22BD63CE6005214CB /* Base in Resources */,
				464A44BD2BD63CE4005214CB /* Base in Resources */,
			);
			runOnlyForDeploymentPostprocessing = 0;
		};
/* End PBXResourcesBuildPhase section */

/* Begin PBXSourcesBuildPhase section */
		464A44AE2BD63CE4005214CB /* Sources */ = {
			isa = PBXSourcesBuildPhase;
			buildActionMask = 2147483647;
			files = (
				464A44BA2BD63CE4005214CB /* ViewController.swift in Sources */,
				464A44B62BD63CE4005214CB /* AppDelegate.swift in Sources */,
				464A44B82BD63CE4005214CB /* SceneDelegate.swift in Sources */,
			);
			runOnlyForDeploymentPostprocessing = 0;
		};
/* End PBXSourcesBuildPhase section */

/* Begin PBXVariantGroup section */
		464A44BB2BD63CE4005214CB /* Main.storyboard */ = {
			isa = PBXVariantGroup;
			children = (
				464A44BC2BD63CE4005214CB /* Base */,
			);
			name = Main.storyboard;
			sourceTree = "<group>";
		};
		464A44C02BD63CE6005214CB /* LaunchScreen.storyboard */ = {
			isa = PBXVariantGroup;
			children = (
				464A44C12BD63CE6005214CB /* Base */,
			);
			name = LaunchScreen.storyboard;
			sourceTree = "<group>";
		};
/* End PBXVariantGroup section */

/* Begin XCBuildConfiguration section */
		464A44C42BD63CE6005214CB /* Debug */ = {
			isa = XCBuildConfiguration;
			buildSettings = {
				ALWAYS_SEARCH_USER_PATHS = NO;
				ASSETCATALOG_COMPILER_GENERATE_SWIFT_ASSET_SYMBOL_EXTENSIONS = YES;
				CLANG_ANALYZER_NONNULL = YES;
				CLANG_ANALYZER_NUMBER_OBJECT_CONVERSION = YES_AGGRESSIVE;
				CLANG_CXX_LANGUAGE_STANDARD = "gnu++20";
				CLANG_ENABLE_MODULES = YES;
				CLANG_ENABLE_OBJC_ARC = YES;
				CLANG_ENABLE_OBJC_WEAK = YES;
				CLANG_WARN_BLOCK_CAPTURE_AUTORELEASING = YES;
				CLANG_WARN_BOOL_CONVERSION = YES;
				CLANG_WARN_COMMA = YES;
				CLANG_WARN_CONSTANT_CONVERSION = YES;
				CLANG_WARN_DEPRECATED_OBJC_IMPLEMENTATIONS = YES;
				CLANG_WARN_DIRECT_OBJC_ISA_USAGE = YES_ERROR;
				CLANG_WARN_DOCUMENTATION_COMMENTS = YES;
				CLANG_WARN_EMPTY_BODY = YES;
				CLANG_WARN_ENUM_CONVERSION = YES;
				CLANG_WARN_INFINITE_RECURSION = YES;
				CLANG_WARN_INT_CONVERSION = YES;
				CLANG_WARN_NON_LITERAL_NULL_CONVERSION = YES;
				CLANG_WARN_OBJC_IMPLICIT_RETAIN_SELF = YES;
				CLANG_WARN_OBJC_LITERAL_CONVERSION = YES;
				CLANG_WARN_OBJC_ROOT_CLASS = YES_ERROR;
				CLANG_WARN_QUOTED_INCLUDE_IN_FRAMEWORK_HEADER = YES;
				CLANG_WARN_RANGE_LOOP_ANALYSIS = YES;
				CLANG_WARN_STRICT_PROTOTYPES = YES;
				CLANG_WARN_SUSPICIOUS_MOVE = YES;
				CLANG_WARN_UNGUARDED_AVAILABILITY = YES_AGGRESSIVE;
				CLANG_WARN_UNREACHABLE_CODE = YES;
				CLANG_WARN__DUPLICATE_METHOD_MATCH = YES;
				COPY_PHASE_STRIP = NO;
				DEBUG_INFORMATION_FORMAT = dwarf;
				ENABLE_STRICT_OBJC_MSGSEND = YES;
				ENABLE_TESTABILITY = YES;
				ENABLE_USER_SCRIPT_SANDBOXING = YES;
				GCC_C_LANGUAGE_STANDARD = gnu17;
				GCC_DYNAMIC_NO_PIC = NO;
				GCC_NO_COMMON_BLOCKS = YES;
				GCC_OPTIMIZATION_LEVEL = 0;
				GCC_PREPROCESSOR_DEFINITIONS = (
					"DEBUG=1",
					"$(inherited)",
				);
				GCC_WARN_64_TO_32_BIT_CONVERSION = YES;
				GCC_WARN_ABOUT_RETURN_TYPE = YES_ERROR;
				GCC_WARN_UNDECLARED_SELECTOR = YES;
				GCC_WARN_UNINITIALIZED_AUTOS = YES_AGGRESSIVE;
				GCC_WARN_UNUSED_FUNCTION = YES;
				GCC_WARN_UNUSED_VARIABLE = YES;
				IPHONEOS_DEPLOYMENT_TARGET = 17.4;
				LOCALIZATION_PREFERS_STRING_CATALOGS = YES;
				MTL_ENABLE_DEBUG_INFO = INCLUDE_SOURCE;
				MTL_FAST_MATH = YES;
				ONLY_ACTIVE_ARCH = YES;
				SDKROOT = iphoneos;
				SWIFT_ACTIVE_COMPILATION_CONDITIONS = "DEBUG $(inherited)";
				SWIFT_OPTIMIZATION_LEVEL = "-Onone";
			};
			name = Debug;
		};
		464A44C52BD63CE6005214CB /* Release */ = {
			isa = XCBuildConfiguration;
			buildSettings = {
				ALWAYS_SEARCH_USER_PATHS = NO;
				ASSETCATALOG_COMPILER_GENERATE_SWIFT_ASSET_SYMBOL_EXTENSIONS = YES;
				CLANG_ANALYZER_NONNULL = YES;
				CLANG_ANALYZER_NUMBER_OBJECT_CONVERSION = YES_AGGRESSIVE;
				CLANG_CXX_LANGUAGE_STANDARD = "gnu++20";
				CLANG_ENABLE_MODULES = YES;
				CLANG_ENABLE_OBJC_ARC = YES;
				CLANG_ENABLE_OBJC_WEAK = YES;
				CLANG_WARN_BLOCK_CAPTURE_AUTORELEASING = YES;
				CLANG_WARN_BOOL_CONVERSION = YES;
				CLANG_WARN_COMMA = YES;
				CLANG_WARN_CONSTANT_CONVERSION = YES;
				CLANG_WARN_DEPRECATED_OBJC_IMPLEMENTATIONS = YES;
				CLANG_WARN_DIRECT_OBJC_ISA_USAGE = YES_ERROR;
				CLANG_WARN_DOCUMENTATION_COMMENTS = YES;
				CLANG_WARN_EMPTY_BODY = YES;
				CLANG_WARN_ENUM_CONVERSION = YES;
				CLANG_WARN_INFINITE_RECURSION = YES;
				CLANG_WARN_INT_CONVERSION = YES;
				CLANG_WARN_NON_LITERAL_NULL_CONVERSION = YES;
				CLANG_WARN_OBJC_IMPLICIT_RETAIN_SELF = YES;
				CLANG_WARN_OBJC_LITERAL_CONVERSION = YES;
				CLANG_WARN_OBJC_ROOT_CLASS = YES_ERROR;
				CLANG_WARN_QUOTED_INCLUDE_IN_FRAMEWORK_HEADER = YES;
				CLANG_WARN_RANGE_LOOP_ANALYSIS = YES;
				CLANG_WARN_STRICT_PROTOTYPES = YES;
				CLANG_WARN_SUSPICIOUS_MOVE = YES;
				CLANG_WARN_UNGUARDED_AVAILABILITY = YES_AGGRESSIVE;
				CLANG_WARN_UNREACHABLE_CODE = YES;
				CLANG_WARN__DUPLICATE_METHOD_MATCH = YES;
				COPY_PHASE_STRIP = NO;
				DEBUG_INFORMATION_FORMAT = "dwarf-with-dsym";
				ENABLE_NS_ASSERTIONS = NO;
				ENABLE_STRICT_OBJC_MSGSEND = YES;
				ENABLE_USER_SCRIPT_SANDBOXING = YES;
				GCC_C_LANGUAGE_STANDARD = gnu17;
				GCC_NO_COMMON_BLOCKS = YES;
				GCC_WARN_64_TO_32_BIT_CONVERSION = YES;
				GCC_WARN_ABOUT_RETURN_TYPE = YES_ERROR;
				GCC_WARN_UNDECLARED_SELECTOR = YES;
				GCC_WARN_UNINITIALIZED_AUTOS = YES_AGGRESSIVE;
				GCC_WARN_UNUSED_FUNCTION = YES;
				GCC_WARN_UNUSED_VARIABLE = YES;
				IPHONEOS_DEPLOYMENT_TARGET = 17.4;
				LOCALIZATION_PREFERS_STRING_CATALOGS = YES;
				MTL_ENABLE_DEBUG_INFO = NO;
				MTL_FAST_MATH = YES;
				SDKROOT = iphoneos;
				SWIFT_COMPILATION_MODE = wholemodule;
				VALIDATE_PRODUCT = YES;
			};
			name = Release;
		};
		464A44C72BD63CE6005214CB /* Debug */ = {
			isa = XCBuildConfiguration;
			buildSettings = {
				ASSETCATALOG_COMPILER_APPICON_NAME = AppIcon;
				ASSETCATALOG_COMPILER_GLOBAL_ACCENT_COLOR_NAME = AccentColor;
				CODE_SIGN_STYLE = Automatic;
				CURRENT_PROJECT_VERSION = 1;
				DEVELOPMENT_TEAM = H5Z575J4ZY;
				GENERATE_INFOPLIST_FILE = YES;
				INFOPLIST_FILE = HadiBilet/Info.plist;
				INFOPLIST_KEY_UIApplicationSupportsIndirectInputEvents = YES;
				INFOPLIST_KEY_UILaunchStoryboardName = LaunchScreen;
				INFOPLIST_KEY_UIMainStoryboardFile = Main;
				INFOPLIST_KEY_UISupportedInterfaceOrientations_iPad = "UIInterfaceOrientationPortrait UIInterfaceOrientationPortraitUpsideDown UIInterfaceOrientationLandscapeLeft UIInterfaceOrientationLandscapeRight";
				INFOPLIST_KEY_UISupportedInterfaceOrientations_iPhone = "UIInterfaceOrientationPortrait UIInterfaceOrientationLandscapeLeft UIInterfaceOrientationLandscapeRight";
				LD_RUNPATH_SEARCH_PATHS = (
					"$(inherited)",
					"@executable_path/Frameworks",
				);
				MARKETING_VERSION = 1.0;
				PRODUCT_BUNDLE_IDENTIFIER = homeworks.HadiBilet;
				PRODUCT_NAME = "$(TARGET_NAME)";
				SWIFT_EMIT_LOC_STRINGS = YES;
				SWIFT_VERSION = 5.0;
				TARGETED_DEVICE_FAMILY = "1,2";
			};
			name = Debug;
		};
		464A44C82BD63CE6005214CB /* Release */ = {
			isa = XCBuildConfiguration;
			buildSettings = {
				ASSETCATALOG_COMPILER_APPICON_NAME = AppIcon;
				ASSETCATALOG_COMPILER_GLOBAL_ACCENT_COLOR_NAME = AccentColor;
				CODE_SIGN_STYLE = Automatic;
				CURRENT_PROJECT_VERSION = 1;
				DEVELOPMENT_TEAM = H5Z575J4ZY;
				GENERATE_INFOPLIST_FILE = YES;
				INFOPLIST_FILE = HadiBilet/Info.plist;
				INFOPLIST_KEY_UIApplicationSupportsIndirectInputEvents = YES;
				INFOPLIST_KEY_UILaunchStoryboardName = LaunchScreen;
				INFOPLIST_KEY_UIMainStoryboardFile = Main;
				INFOPLIST_KEY_UISupportedInterfaceOrientations_iPad = "UIInterfaceOrientationPortrait UIInterfaceOrientationPortraitUpsideDown UIInterfaceOrientationLandscapeLeft UIInterfaceOrientationLandscapeRight";
				INFOPLIST_KEY_UISupportedInterfaceOrientations_iPhone = "UIInterfaceOrientationPortrait UIInterfaceOrientationLandscapeLeft UIInterfaceOrientationLandscapeRight";
				LD_RUNPATH_SEARCH_PATHS = (
					"$(inherited)",
					"@executable_path/Frameworks",
				);
				MARKETING_VERSION = 1.0;
				PRODUCT_BUNDLE_IDENTIFIER = homeworks.HadiBilet;
				PRODUCT_NAME = "$(TARGET_NAME)";
				SWIFT_EMIT_LOC_STRINGS = YES;
				SWIFT_VERSION = 5.0;
				TARGETED_DEVICE_FAMILY = "1,2";
			};
			name = Release;
		};
/* End XCBuildConfiguration section */

/* Begin XCConfigurationList section */
		464A44AD2BD63CE4005214CB /* Build configuration list for PBXProject "HadiBilet" */ = {
			isa = XCConfigurationList;
			buildConfigurations = (
				464A44C42BD63CE6005214CB /* Debug */,
				464A44C52BD63CE6005214CB /* Release */,
			);
			defaultConfigurationIsVisible = 0;
			defaultConfigurationName = Release;
		};
		464A44C62BD63CE6005214CB /* Build configuration list for PBXNativeTarget "HadiBilet" */ = {
			isa = XCConfigurationList;
			buildConfigurations = (
				464A44C72BD63CE6005214CB /* Debug */,
				464A44C82BD63CE6005214CB /* Release */,
			);
			defaultConfigurationIsVisible = 0;
			defaultConfigurationName = Release;
		};
/* End XCConfigurationList section */
	};
	rootObject = 464A44AA2BD63CE4005214CB /* Project object */;
}
