// !$*UTF8*$!
{
	archiveVersion = 1;
	classes = {
	};
	objectVersion = 56;
	objects = {

/* Begin PBXBuildFile section */
		464A44B62BD63CE4005214CB /* AppDelegate.swift in Sources */ = {isa = PBXBuildFile; fileRef = 464A44B52BD63CE4005214CB /* AppDelegate.swift */; };
		464A44B82BD63CE4005214CB /* SceneDelegate.swift in Sources */ = {isa = PBXBuildFile; fileRef = 464A44B72BD63CE4005214CB /* SceneDelegate.swift */; };
		464A44BA2BD63CE4005214CB /* ViewController.swift in Sources */ = {isa = PBXBuildFile; fileRef = 464A44B92BD63CE4005214CB /* ViewController.swift */; };
		464A44BD2BD63CE4005214CB /* Base in Resources */ = {isa = PBXBuildFile; fileRef = 464A44BC2BD63CE4005214CB /* Base */; };
		464A44BF2BD63CE6005214CB /* Assets.xcassets in Resources */ = {isa = PBXBuildFile; fileRef = 464A44BE2BD63CE6005214CB /* Assets.xcassets */; };
		464A44C22BD63CE6005214CB /* Base in Resources */ = {isa = PBXBuildFile; fileRef = 464A44C12BD63CE6005214CB /* Base */; };
		46522E492BDED8090071E333 /* TicketListViewController.swift in Sources */ = {isa = PBXBuildFile; fileRef = 46522E482BDED8090071E333 /* TicketListViewController.swift */; };
		46522E4C2BDEDBA40071E333 /* Tickets.xcdatamodeld in Sources */ = {isa = PBXBuildFile; fileRef = 46522E4A2BDEDBA40071E333 /* Tickets.xcdatamodeld */; };
		466A59032BD6911C001251F1 /* FirebaseHelpers.swift in Sources */ = {isa = PBXBuildFile; fileRef = 466A59022BD6911C001251F1 /* FirebaseHelpers.swift */; };
		466A59052BD69386001251F1 /* City.swift in Sources */ = {isa = PBXBuildFile; fileRef = 466A59042BD69386001251F1 /* City.swift */; };
		466A59072BD693B7001251F1 /* Journey.swift in Sources */ = {isa = PBXBuildFile; fileRef = 466A59062BD693B7001251F1 /* Journey.swift */; };
		466A59092BD694AB001251F1 /* BusCompany.swift in Sources */ = {isa = PBXBuildFile; fileRef = 466A59082BD694AB001251F1 /* BusCompany.swift */; };
		466A590D2BD7A190001251F1 /* TravelSearchView.swift in Sources */ = {isa = PBXBuildFile; fileRef = 466A590C2BD7A190001251F1 /* TravelSearchView.swift */; };
		466A590F2BD7A4D4001251F1 /* GoogleService-Info.plist in Resources */ = {isa = PBXBuildFile; fileRef = 466A590E2BD7A4D4001251F1 /* GoogleService-Info.plist */; };
		466A59132BD7CCC7001251F1 /* createRandomData.swift in Sources */ = {isa = PBXBuildFile; fileRef = 466A59122BD7CCC7001251F1 /* createRandomData.swift */; };
		466A59152BD7F9EB001251F1 /* JourneyCell.swift in Sources */ = {isa = PBXBuildFile; fileRef = 466A59142BD7F9EB001251F1 /* JourneyCell.swift */; };
		466A59172BD7FAF6001251F1 /* JourneyCell.xib in Resources */ = {isa = PBXBuildFile; fileRef = 466A59162BD7FAF6001251F1 /* JourneyCell.xib */; };
		466A591D2BDA7623001251F1 /* EntryViewController.swift in Sources */ = {isa = PBXBuildFile; fileRef = 466A591C2BDA7623001251F1 /* EntryViewController.swift */; };
		466A591F2BDA78A5001251F1 /* TravelSearchView.xib in Resources */ = {isa = PBXBuildFile; fileRef = 466A591E2BDA78A5001251F1 /* TravelSearchView.xib */; };
		466A59212BDA890C001251F1 /* CityFieldView.xib in Resources */ = {isa = PBXBuildFile; fileRef = 466A59202BDA890C001251F1 /* CityFieldView.xib */; };
		466A59232BDA8931001251F1 /* CityFieldView.swift in Sources */ = {isa = PBXBuildFile; fileRef = 466A59222BDA8931001251F1 /* CityFieldView.swift */; };
		466A59252BDBE6A5001251F1 /* BusView.xib in Resources */ = {isa = PBXBuildFile; fileRef = 466A59242BDBE6A4001251F1 /* BusView.xib */; };
		466A59272BDBE6B5001251F1 /* BusView.swift in Sources */ = {isa = PBXBuildFile; fileRef = 466A59262BDBE6B5001251F1 /* BusView.swift */; };
		466A59292BDBED8B001251F1 /* SeatCell.xib in Resources */ = {isa = PBXBuildFile; fileRef = 466A59282BDBED8A001251F1 /* SeatCell.xib */; };
		466A592B2BDBEDA9001251F1 /* SeatCell.swift in Sources */ = {isa = PBXBuildFile; fileRef = 466A592A2BDBEDA9001251F1 /* SeatCell.swift */; };
		466A592D2BDCFCBE001251F1 /* BusTicketViewController.swift in Sources */ = {isa = PBXBuildFile; fileRef = 466A592C2BDCFCBE001251F1 /* BusTicketViewController.swift */; };
		466A59312BDE5EDD001251F1 /* PassengerInfoView.swift in Sources */ = {isa = PBXBuildFile; fileRef = 466A59302BDE5EDD001251F1 /* PassengerInfoView.swift */; };
		466A59332BDE5F09001251F1 /* PassengerInfoView.xib in Resources */ = {isa = PBXBuildFile; fileRef = 466A59322BDE5F09001251F1 /* PassengerInfoView.xib */; };
		46D1B36F2BD640DE00C5E154 /* Passenger.swift in Sources */ = {isa = PBXBuildFile; fileRef = 46D1B36E2BD640DE00C5E154 /* Passenger.swift */; };
		46D1B3712BD640F300C5E154 /* Ticket.swift in Sources */ = {isa = PBXBuildFile; fileRef = 46D1B3702BD640F300C5E154 /* Ticket.swift */; };
		46D1B3732BD6411D00C5E154 /* DateStruct.swift in Sources */ = {isa = PBXBuildFile; fileRef = 46D1B3722BD6411D00C5E154 /* DateStruct.swift */; };
		46D1B3752BD6452E00C5E154 /* Time.swift in Sources */ = {isa = PBXBuildFile; fileRef = 46D1B3742BD6452E00C5E154 /* Time.swift */; };
		46D1B3772BD646CE00C5E154 /* Seat.swift in Sources */ = {isa = PBXBuildFile; fileRef = 46D1B3762BD646CE00C5E154 /* Seat.swift */; };
		46D1B37C2BD65FF500C5E154 /* FirebaseAppCheck in Frameworks */ = {isa = PBXBuildFile; productRef = 46D1B37B2BD65FF500C5E154 /* FirebaseAppCheck */; };
		46D1B37E2BD65FF500C5E154 /* FirebaseAppDistribution-Beta in Frameworks */ = {isa = PBXBuildFile; productRef = 46D1B37D2BD65FF500C5E154 /* FirebaseAppDistribution-Beta */; };
		46D1B3802BD65FF500C5E154 /* FirebaseAuth in Frameworks */ = {isa = PBXBuildFile; productRef = 46D1B37F2BD65FF500C5E154 /* FirebaseAuth */; };
		46D1B3822BD65FF500C5E154 /* FirebaseAuthCombine-Community in Frameworks */ = {isa = PBXBuildFile; productRef = 46D1B3812BD65FF500C5E154 /* FirebaseAuthCombine-Community */; };
		46D1B3842BD65FF500C5E154 /* FirebaseDatabase in Frameworks */ = {isa = PBXBuildFile; productRef = 46D1B3832BD65FF500C5E154 /* FirebaseDatabase */; };
		46D1B3862BD65FF500C5E154 /* FirebaseDatabaseSwift in Frameworks */ = {isa = PBXBuildFile; productRef = 46D1B3852BD65FF500C5E154 /* FirebaseDatabaseSwift */; };
		46D1B3882BD65FF500C5E154 /* FirebaseFirestore in Frameworks */ = {isa = PBXBuildFile; productRef = 46D1B3872BD65FF500C5E154 /* FirebaseFirestore */; };
		46D1B38A2BD65FF500C5E154 /* FirebaseFirestoreCombine-Community in Frameworks */ = {isa = PBXBuildFile; productRef = 46D1B3892BD65FF500C5E154 /* FirebaseFirestoreCombine-Community */; };
		46D1B38C2BD65FF500C5E154 /* FirebaseFirestoreSwift in Frameworks */ = {isa = PBXBuildFile; productRef = 46D1B38B2BD65FF500C5E154 /* FirebaseFirestoreSwift */; };
		46D1B38E2BD65FF500C5E154 /* FirebaseFunctions in Frameworks */ = {isa = PBXBuildFile; productRef = 46D1B38D2BD65FF500C5E154 /* FirebaseFunctions */; };
		46D1B3902BD65FF500C5E154 /* FirebaseFunctionsCombine-Community in Frameworks */ = {isa = PBXBuildFile; productRef = 46D1B38F2BD65FF500C5E154 /* FirebaseFunctionsCombine-Community */; };
		46D1B3922BD65FF500C5E154 /* FirebaseInAppMessaging-Beta in Frameworks */ = {isa = PBXBuildFile; productRef = 46D1B3912BD65FF500C5E154 /* FirebaseInAppMessaging-Beta */; };
		46D1B3942BD65FF500C5E154 /* FirebaseInAppMessagingSwift-Beta in Frameworks */ = {isa = PBXBuildFile; productRef = 46D1B3932BD65FF500C5E154 /* FirebaseInAppMessagingSwift-Beta */; };
		46D1B3962BD65FF500C5E154 /* FirebaseInstallations in Frameworks */ = {isa = PBXBuildFile; productRef = 46D1B3952BD65FF500C5E154 /* FirebaseInstallations */; };
		46D1B3982BD65FF500C5E154 /* FirebaseStorage in Frameworks */ = {isa = PBXBuildFile; productRef = 46D1B3972BD65FF500C5E154 /* FirebaseStorage */; };
		46D1B39A2BD65FF500C5E154 /* FirebaseStorageCombine-Community in Frameworks */ = {isa = PBXBuildFile; productRef = 46D1B3992BD65FF500C5E154 /* FirebaseStorageCombine-Community */; };
/* End PBXBuildFile section */

/* Begin PBXFileReference section */
		464A44B22BD63CE4005214CB /* HadiBilet.app */ = {isa = PBXFileReference; explicitFileType = wrapper.application; includeInIndex = 0; path = HadiBilet.app; sourceTree = BUILT_PRODUCTS_DIR; };
		464A44B52BD63CE4005214CB /* AppDelegate.swift */ = {isa = PBXFileReference; lastKnownFileType = sourcecode.swift; path = AppDelegate.swift; sourceTree = "<group>"; };
		464A44B72BD63CE4005214CB /* SceneDelegate.swift */ = {isa = PBXFileReference; lastKnownFileType = sourcecode.swift; path = SceneDelegate.swift; sourceTree = "<group>"; };
		464A44B92BD63CE4005214CB /* ViewController.swift */ = {isa = PBXFileReference; lastKnownFileType = sourcecode.swift; path = ViewController.swift; sourceTree = "<group>"; };
		464A44BC2BD63CE4005214CB /* Base */ = {isa = PBXFileReference; lastKnownFileType = file.storyboard; name = Base; path = Base.lproj/Main.storyboard; sourceTree = "<group>"; };
		464A44BE2BD63CE6005214CB /* Assets.xcassets */ = {isa = PBXFileReference; lastKnownFileType = folder.assetcatalog; path = Assets.xcassets; sourceTree = "<group>"; };
		464A44C12BD63CE6005214CB /* Base */ = {isa = PBXFileReference; lastKnownFileType = file.storyboard; name = Base; path = Base.lproj/LaunchScreen.storyboard; sourceTree = "<group>"; };
		464A44C32BD63CE6005214CB /* Info.plist */ = {isa = PBXFileReference; lastKnownFileType = text.plist.xml; path = Info.plist; sourceTree = "<group>"; };
		46522E482BDED8090071E333 /* TicketListViewController.swift */ = {isa = PBXFileReference; lastKnownFileType = sourcecode.swift; path = TicketListViewController.swift; sourceTree = "<group>"; };
		46522E4B2BDEDBA40071E333 /* Tickets.xcdatamodel */ = {isa = PBXFileReference; lastKnownFileType = wrapper.xcdatamodel; path = Tickets.xcdatamodel; sourceTree = "<group>"; };
		466A59022BD6911C001251F1 /* FirebaseHelpers.swift */ = {isa = PBXFileReference; lastKnownFileType = sourcecode.swift; path = FirebaseHelpers.swift; sourceTree = "<group>"; };
		466A59042BD69386001251F1 /* City.swift */ = {isa = PBXFileReference; lastKnownFileType = sourcecode.swift; path = City.swift; sourceTree = "<group>"; };
		466A59062BD693B7001251F1 /* Journey.swift */ = {isa = PBXFileReference; lastKnownFileType = sourcecode.swift; path = Journey.swift; sourceTree = "<group>"; };
		466A59082BD694AB001251F1 /* BusCompany.swift */ = {isa = PBXFileReference; lastKnownFileType = sourcecode.swift; path = BusCompany.swift; sourceTree = "<group>"; };
		466A590C2BD7A190001251F1 /* TravelSearchView.swift */ = {isa = PBXFileReference; lastKnownFileType = sourcecode.swift; path = TravelSearchView.swift; sourceTree = "<group>"; };
		466A590E2BD7A4D4001251F1 /* GoogleService-Info.plist */ = {isa = PBXFileReference; fileEncoding = 4; lastKnownFileType = text.plist.xml; name = "GoogleService-Info.plist"; path = "../../../../../../Documents/GoogleService-Info.plist"; sourceTree = "<group>"; };
		466A59122BD7CCC7001251F1 /* createRandomData.swift */ = {isa = PBXFileReference; lastKnownFileType = sourcecode.swift; path = createRandomData.swift; sourceTree = "<group>"; };
		466A59142BD7F9EB001251F1 /* JourneyCell.swift */ = {isa = PBXFileReference; lastKnownFileType = sourcecode.swift; path = JourneyCell.swift; sourceTree = "<group>"; };
		466A59162BD7FAF6001251F1 /* JourneyCell.xib */ = {isa = PBXFileReference; lastKnownFileType = file.xib; path = JourneyCell.xib; sourceTree = "<group>"; };
		466A591C2BDA7623001251F1 /* EntryViewController.swift */ = {isa = PBXFileReference; lastKnownFileType = sourcecode.swift; path = EntryViewController.swift; sourceTree = "<group>"; };
		466A591E2BDA78A5001251F1 /* TravelSearchView.xib */ = {isa = PBXFileReference; lastKnownFileType = file.xib; path = TravelSearchView.xib; sourceTree = "<group>"; };
		466A59202BDA890C001251F1 /* CityFieldView.xib */ = {isa = PBXFileReference; lastKnownFileType = file.xib; path = CityFieldView.xib; sourceTree = "<group>"; };
		466A59222BDA8931001251F1 /* CityFieldView.swift */ = {isa = PBXFileReference; lastKnownFileType = sourcecode.swift; path = CityFieldView.swift; sourceTree = "<group>"; };
		466A59242BDBE6A4001251F1 /* BusView.xib */ = {isa = PBXFileReference; lastKnownFileType = file.xib; path = BusView.xib; sourceTree = "<group>"; };
		466A59262BDBE6B5001251F1 /* BusView.swift */ = {isa = PBXFileReference; lastKnownFileType = sourcecode.swift; path = BusView.swift; sourceTree = "<group>"; };
		466A59282BDBED8A001251F1 /* SeatCell.xib */ = {isa = PBXFileReference; lastKnownFileType = file.xib; path = SeatCell.xib; sourceTree = "<group>"; };
		466A592A2BDBEDA9001251F1 /* SeatCell.swift */ = {isa = PBXFileReference; lastKnownFileType = sourcecode.swift; path = SeatCell.swift; sourceTree = "<group>"; };
		466A592C2BDCFCBE001251F1 /* BusTicketViewController.swift */ = {isa = PBXFileReference; lastKnownFileType = sourcecode.swift; path = BusTicketViewController.swift; sourceTree = "<group>"; };
		466A59302BDE5EDD001251F1 /* PassengerInfoView.swift */ = {isa = PBXFileReference; lastKnownFileType = sourcecode.swift; path = PassengerInfoView.swift; sourceTree = "<group>"; };
		466A59322BDE5F09001251F1 /* PassengerInfoView.xib */ = {isa = PBXFileReference; lastKnownFileType = file.xib; path = PassengerInfoView.xib; sourceTree = "<group>"; };
		46D1B36E2BD640DE00C5E154 /* Passenger.swift */ = {isa = PBXFileReference; lastKnownFileType = sourcecode.swift; path = Passenger.swift; sourceTree = "<group>"; };
		46D1B3702BD640F300C5E154 /* Ticket.swift */ = {isa = PBXFileReference; lastKnownFileType = sourcecode.swift; path = Ticket.swift; sourceTree = "<group>"; };
		46D1B3722BD6411D00C5E154 /* DateStruct.swift */ = {isa = PBXFileReference; lastKnownFileType = sourcecode.swift; path = DateStruct.swift; sourceTree = "<group>"; };
		46D1B3742BD6452E00C5E154 /* Time.swift */ = {isa = PBXFileReference; lastKnownFileType = sourcecode.swift; path = Time.swift; sourceTree = "<group>"; };
		46D1B3762BD646CE00C5E154 /* Seat.swift */ = {isa = PBXFileReference; lastKnownFileType = sourcecode.swift; path = Seat.swift; sourceTree = "<group>"; };
/* End PBXFileReference section */

/* Begin PBXFrameworksBuildPhase section */
		464A44AF2BD63CE4005214CB /* Frameworks */ = {
			isa = PBXFrameworksBuildPhase;
			buildActionMask = 2147483647;
			files = (
				46D1B3862BD65FF500C5E154 /* FirebaseDatabaseSwift in Frameworks */,
				46D1B3962BD65FF500C5E154 /* FirebaseInstallations in Frameworks */,
				46D1B38A2BD65FF500C5E154 /* FirebaseFirestoreCombine-Community in Frameworks */,
				46D1B3842BD65FF500C5E154 /* FirebaseDatabase in Frameworks */,
				46D1B37C2BD65FF500C5E154 /* FirebaseAppCheck in Frameworks */,
				46D1B3802BD65FF500C5E154 /* FirebaseAuth in Frameworks */,
				46D1B37E2BD65FF500C5E154 /* FirebaseAppDistribution-Beta in Frameworks */,
				46D1B3822BD65FF500C5E154 /* FirebaseAuthCombine-Community in Frameworks */,
				46D1B3982BD65FF500C5E154 /* FirebaseStorage in Frameworks */,
				46D1B38E2BD65FF500C5E154 /* FirebaseFunctions in Frameworks */,
				46D1B39A2BD65FF500C5E154 /* FirebaseStorageCombine-Community in Frameworks */,
				46D1B3942BD65FF500C5E154 /* FirebaseInAppMessagingSwift-Beta in Frameworks */,
				46D1B3882BD65FF500C5E154 /* FirebaseFirestore in Frameworks */,
				46D1B3902BD65FF500C5E154 /* FirebaseFunctionsCombine-Community in Frameworks */,
				46D1B38C2BD65FF500C5E154 /* FirebaseFirestoreSwift in Frameworks */,
				46D1B3922BD65FF500C5E154 /* FirebaseInAppMessaging-Beta in Frameworks */,
			);
			runOnlyForDeploymentPostprocessing = 0;
		};
/* End PBXFrameworksBuildPhase section */

/* Begin PBXGroup section */
		464A44A92BD63CE4005214CB = {
			isa = PBXGroup;
			children = (
				464A44B42BD63CE4005214CB /* HadiBilet */,
				464A44B32BD63CE4005214CB /* Products */,
			);
			sourceTree = "<group>";
		};
		464A44B32BD63CE4005214CB /* Products */ = {
			isa = PBXGroup;
			children = (
				464A44B22BD63CE4005214CB /* HadiBilet.app */,
			);
			name = Products;
			sourceTree = "<group>";
		};
		464A44B42BD63CE4005214CB /* HadiBilet */ = {
			isa = PBXGroup;
			children = (
				46D1B39D2BD6902400C5E154 /* Helpers */,
				464A44CC2BD63ED7005214CB /* Resources */,
				464A44C92BD63E90005214CB /* Models */,
				464A44B52BD63CE4005214CB /* AppDelegate.swift */,
				464A44CA2BD63EA1005214CB /* Views */,
				464A44B72BD63CE4005214CB /* SceneDelegate.swift */,
				464A44CB2BD63EB5005214CB /* Controllers */,
				464A44BB2BD63CE4005214CB /* Main.storyboard */,
				464A44C02BD63CE6005214CB /* LaunchScreen.storyboard */,
				464A44C32BD63CE6005214CB /* Info.plist */,
				466A590E2BD7A4D4001251F1 /* GoogleService-Info.plist */,
				46522E4A2BDEDBA40071E333 /* Tickets.xcdatamodeld */,
			);
			path = HadiBilet;
			sourceTree = "<group>";
		};
		464A44C92BD63E90005214CB /* Models */ = {
			isa = PBXGroup;
			children = (
				46D1B36E2BD640DE00C5E154 /* Passenger.swift */,
				46D1B3702BD640F300C5E154 /* Ticket.swift */,
				46D1B3722BD6411D00C5E154 /* DateStruct.swift */,
				46D1B3742BD6452E00C5E154 /* Time.swift */,
				46D1B3762BD646CE00C5E154 /* Seat.swift */,
				466A59042BD69386001251F1 /* City.swift */,
				466A59062BD693B7001251F1 /* Journey.swift */,
				466A59082BD694AB001251F1 /* BusCompany.swift */,
			);
			path = Models;
			sourceTree = "<group>";
		};
		464A44CA2BD63EA1005214CB /* Views */ = {
			isa = PBXGroup;
			children = (
				466A590C2BD7A190001251F1 /* TravelSearchView.swift */,
				466A59142BD7F9EB001251F1 /* JourneyCell.swift */,
				466A59162BD7FAF6001251F1 /* JourneyCell.xib */,
				466A591E2BDA78A5001251F1 /* TravelSearchView.xib */,
				466A59202BDA890C001251F1 /* CityFieldView.xib */,
				466A59222BDA8931001251F1 /* CityFieldView.swift */,
				466A59242BDBE6A4001251F1 /* BusView.xib */,
				466A59262BDBE6B5001251F1 /* BusView.swift */,
				466A59282BDBED8A001251F1 /* SeatCell.xib */,
				466A592A2BDBEDA9001251F1 /* SeatCell.swift */,
				466A59302BDE5EDD001251F1 /* PassengerInfoView.swift */,
				466A59322BDE5F09001251F1 /* PassengerInfoView.xib */,
			);
			path = Views;
			sourceTree = "<group>";
		};
		464A44CB2BD63EB5005214CB /* Controllers */ = {
			isa = PBXGroup;
			children = (
				464A44B92BD63CE4005214CB /* ViewController.swift */,
				466A591C2BDA7623001251F1 /* EntryViewController.swift */,
				466A592C2BDCFCBE001251F1 /* BusTicketViewController.swift */,
				46522E482BDED8090071E333 /* TicketListViewController.swift */,
			);
			path = Controllers;
			sourceTree = "<group>";
		};
		464A44CC2BD63ED7005214CB /* Resources */ = {
			isa = PBXGroup;
			children = (
				464A44CD2BD63F1B005214CB /* Storyboards */,
				464A44BE2BD63CE6005214CB /* Assets.xcassets */,
			);
			path = Resources;
			sourceTree = "<group>";
		};
		464A44CD2BD63F1B005214CB /* Storyboards */ = {
			isa = PBXGroup;
			children = (
			);
			path = Storyboards;
			sourceTree = "<group>";
		};
		46D1B39D2BD6902400C5E154 /* Helpers */ = {
			isa = PBXGroup;
			children = (
				466A59022BD6911C001251F1 /* FirebaseHelpers.swift */,
				466A59122BD7CCC7001251F1 /* createRandomData.swift */,
			);
			path = Helpers;
			sourceTree = "<group>";
		};
/* End PBXGroup section */

/* Begin PBXNativeTarget section */
		464A44B12BD63CE4005214CB /* HadiBilet */ = {
			isa = PBXNativeTarget;
			buildConfigurationList = 464A44C62BD63CE6005214CB /* Build configuration list for PBXNativeTarget "HadiBilet" */;
			buildPhases = (
				464A44AE2BD63CE4005214CB /* Sources */,
				464A44AF2BD63CE4005214CB /* Frameworks */,
				464A44B02BD63CE4005214CB /* Resources */,
			);
			buildRules = (
			);
			dependencies = (
			);
			name = HadiBilet;
			packageProductDependencies = (
				46D1B37B2BD65FF500C5E154 /* FirebaseAppCheck */,
				46D1B37D2BD65FF500C5E154 /* FirebaseAppDistribution-Beta */,
				46D1B37F2BD65FF500C5E154 /* FirebaseAuth */,
				46D1B3812BD65FF500C5E154 /* FirebaseAuthCombine-Community */,
				46D1B3832BD65FF500C5E154 /* FirebaseDatabase */,
				46D1B3852BD65FF500C5E154 /* FirebaseDatabaseSwift */,
				46D1B3872BD65FF500C5E154 /* FirebaseFirestore */,
				46D1B3892BD65FF500C5E154 /* FirebaseFirestoreCombine-Community */,
				46D1B38B2BD65FF500C5E154 /* FirebaseFirestoreSwift */,
				46D1B38D2BD65FF500C5E154 /* FirebaseFunctions */,
				46D1B38F2BD65FF500C5E154 /* FirebaseFunctionsCombine-Community */,
				46D1B3912BD65FF500C5E154 /* FirebaseInAppMessaging-Beta */,
				46D1B3932BD65FF500C5E154 /* FirebaseInAppMessagingSwift-Beta */,
				46D1B3952BD65FF500C5E154 /* FirebaseInstallations */,
				46D1B3972BD65FF500C5E154 /* FirebaseStorage */,
				46D1B3992BD65FF500C5E154 /* FirebaseStorageCombine-Community */,
			);
			productName = HadiBilet;
			productReference = 464A44B22BD63CE4005214CB /* HadiBilet.app */;
			productType = "com.apple.product-type.application";
		};
/* End PBXNativeTarget section */

/* Begin PBXProject section */
		464A44AA2BD63CE4005214CB /* Project object */ = {
			isa = PBXProject;
			attributes = {
				BuildIndependentTargetsInParallel = 1;
				LastSwiftUpdateCheck = 1530;
				LastUpgradeCheck = 1530;
				TargetAttributes = {
					464A44B12BD63CE4005214CB = {
						CreatedOnToolsVersion = 15.3;
					};
				};
			};
			buildConfigurationList = 464A44AD2BD63CE4005214CB /* Build configuration list for PBXProject "HadiBilet" */;
			compatibilityVersion = "Xcode 14.0";
			developmentRegion = en;
			hasScannedForEncodings = 0;
			knownRegions = (
				en,
				Base,
			);
			mainGroup = 464A44A92BD63CE4005214CB;
			packageReferences = (
				46D1B37A2BD65FF500C5E154 /* XCRemoteSwiftPackageReference "firebase-ios-sdk" */,
			);
			productRefGroup = 464A44B32BD63CE4005214CB /* Products */;
			projectDirPath = "";
			projectRoot = "";
			targets = (
				464A44B12BD63CE4005214CB /* HadiBilet */,
			);
		};
/* End PBXProject section */

/* Begin PBXResourcesBuildPhase section */
		464A44B02BD63CE4005214CB /* Resources */ = {
			isa = PBXResourcesBuildPhase;
			buildActionMask = 2147483647;
			files = (
				466A59172BD7FAF6001251F1 /* JourneyCell.xib in Resources */,
				466A59252BDBE6A5001251F1 /* BusView.xib in Resources */,
				464A44BF2BD63CE6005214CB /* Assets.xcassets in Resources */,
				466A590F2BD7A4D4001251F1 /* GoogleService-Info.plist in Resources */,
				464A44C22BD63CE6005214CB /* Base in Resources */,
				466A59292BDBED8B001251F1 /* SeatCell.xib in Resources */,
				466A591F2BDA78A5001251F1 /* TravelSearchView.xib in Resources */,
				466A59332BDE5F09001251F1 /* PassengerInfoView.xib in Resources */,
				464A44BD2BD63CE4005214CB /* Base in Resources */,
				466A59212BDA890C001251F1 /* CityFieldView.xib in Resources */,
			);
			runOnlyForDeploymentPostprocessing = 0;
		};
/* End PBXResourcesBuildPhase section */

/* Begin PBXSourcesBuildPhase section */
		464A44AE2BD63CE4005214CB /* Sources */ = {
			isa = PBXSourcesBuildPhase;
			buildActionMask = 2147483647;
			files = (
				464A44BA2BD63CE4005214CB /* ViewController.swift in Sources */,
				466A59032BD6911C001251F1 /* FirebaseHelpers.swift in Sources */,
				46522E492BDED8090071E333 /* TicketListViewController.swift in Sources */,
				466A590D2BD7A190001251F1 /* TravelSearchView.swift in Sources */,
				466A59072BD693B7001251F1 /* Journey.swift in Sources */,
				466A59152BD7F9EB001251F1 /* JourneyCell.swift in Sources */,
				466A591D2BDA7623001251F1 /* EntryViewController.swift in Sources */,
				46D1B3732BD6411D00C5E154 /* DateStruct.swift in Sources */,
				466A59092BD694AB001251F1 /* BusCompany.swift in Sources */,
				466A59132BD7CCC7001251F1 /* createRandomData.swift in Sources */,
				46D1B3772BD646CE00C5E154 /* Seat.swift in Sources */,
				46522E4C2BDEDBA40071E333 /* Tickets.xcdatamodeld in Sources */,
				46D1B3752BD6452E00C5E154 /* Time.swift in Sources */,
				464A44B62BD63CE4005214CB /* AppDelegate.swift in Sources */,
				466A59232BDA8931001251F1 /* CityFieldView.swift in Sources */,
				466A59312BDE5EDD001251F1 /* PassengerInfoView.swift in Sources */,
				466A59052BD69386001251F1 /* City.swift in Sources */,
				46D1B3712BD640F300C5E154 /* Ticket.swift in Sources */,
				466A59272BDBE6B5001251F1 /* BusView.swift in Sources */,
				46D1B36F2BD640DE00C5E154 /* Passenger.swift in Sources */,
				466A592D2BDCFCBE001251F1 /* BusTicketViewController.swift in Sources */,
				466A592B2BDBEDA9001251F1 /* SeatCell.swift in Sources */,
				464A44B82BD63CE4005214CB /* SceneDelegate.swift in Sources */,
			);
			runOnlyForDeploymentPostprocessing = 0;
		};
/* End PBXSourcesBuildPhase section */

/* Begin PBXVariantGroup section */
		464A44BB2BD63CE4005214CB /* Main.storyboard */ = {
			isa = PBXVariantGroup;
			children = (
				464A44BC2BD63CE4005214CB /* Base */,
			);
			name = Main.storyboard;
			sourceTree = "<group>";
		};
		464A44C02BD63CE6005214CB /* LaunchScreen.storyboard */ = {
			isa = PBXVariantGroup;
			children = (
				464A44C12BD63CE6005214CB /* Base */,
			);
			name = LaunchScreen.storyboard;
			sourceTree = "<group>";
		};
/* End PBXVariantGroup section */

/* Begin XCBuildConfiguration section */
		464A44C42BD63CE6005214CB /* Debug */ = {
			isa = XCBuildConfiguration;
			buildSettings = {
				ALWAYS_SEARCH_USER_PATHS = NO;
				ASSETCATALOG_COMPILER_GENERATE_SWIFT_ASSET_SYMBOL_EXTENSIONS = YES;
				CLANG_ANALYZER_NONNULL = YES;
				CLANG_ANALYZER_NUMBER_OBJECT_CONVERSION = YES_AGGRESSIVE;
				CLANG_CXX_LANGUAGE_STANDARD = "gnu++20";
				CLANG_ENABLE_MODULES = YES;
				CLANG_ENABLE_OBJC_ARC = YES;
				CLANG_ENABLE_OBJC_WEAK = YES;
				CLANG_WARN_BLOCK_CAPTURE_AUTORELEASING = YES;
				CLANG_WARN_BOOL_CONVERSION = YES;
				CLANG_WARN_COMMA = YES;
				CLANG_WARN_CONSTANT_CONVERSION = YES;
				CLANG_WARN_DEPRECATED_OBJC_IMPLEMENTATIONS = YES;
				CLANG_WARN_DIRECT_OBJC_ISA_USAGE = YES_ERROR;
				CLANG_WARN_DOCUMENTATION_COMMENTS = YES;
				CLANG_WARN_EMPTY_BODY = YES;
				CLANG_WARN_ENUM_CONVERSION = YES;
				CLANG_WARN_INFINITE_RECURSION = YES;
				CLANG_WARN_INT_CONVERSION = YES;
				CLANG_WARN_NON_LITERAL_NULL_CONVERSION = YES;
				CLANG_WARN_OBJC_IMPLICIT_RETAIN_SELF = YES;
				CLANG_WARN_OBJC_LITERAL_CONVERSION = YES;
				CLANG_WARN_OBJC_ROOT_CLASS = YES_ERROR;
				CLANG_WARN_QUOTED_INCLUDE_IN_FRAMEWORK_HEADER = YES;
				CLANG_WARN_RANGE_LOOP_ANALYSIS = YES;
				CLANG_WARN_STRICT_PROTOTYPES = YES;
				CLANG_WARN_SUSPICIOUS_MOVE = YES;
				CLANG_WARN_UNGUARDED_AVAILABILITY = YES_AGGRESSIVE;
				CLANG_WARN_UNREACHABLE_CODE = YES;
				CLANG_WARN__DUPLICATE_METHOD_MATCH = YES;
				COPY_PHASE_STRIP = NO;
				DEBUG_INFORMATION_FORMAT = dwarf;
				ENABLE_STRICT_OBJC_MSGSEND = YES;
				ENABLE_TESTABILITY = YES;
				ENABLE_USER_SCRIPT_SANDBOXING = YES;
				GCC_C_LANGUAGE_STANDARD = gnu17;
				GCC_DYNAMIC_NO_PIC = NO;
				GCC_NO_COMMON_BLOCKS = YES;
				GCC_OPTIMIZATION_LEVEL = 0;
				GCC_PREPROCESSOR_DEFINITIONS = (
					"DEBUG=1",
					"$(inherited)",
				);
				GCC_WARN_64_TO_32_BIT_CONVERSION = YES;
				GCC_WARN_ABOUT_RETURN_TYPE = YES_ERROR;
				GCC_WARN_UNDECLARED_SELECTOR = YES;
				GCC_WARN_UNINITIALIZED_AUTOS = YES_AGGRESSIVE;
				GCC_WARN_UNUSED_FUNCTION = YES;
				GCC_WARN_UNUSED_VARIABLE = YES;
				IPHONEOS_DEPLOYMENT_TARGET = 17.4;
				LOCALIZATION_PREFERS_STRING_CATALOGS = YES;
				MTL_ENABLE_DEBUG_INFO = INCLUDE_SOURCE;
				MTL_FAST_MATH = YES;
				ONLY_ACTIVE_ARCH = YES;
				SDKROOT = iphoneos;
				SWIFT_ACTIVE_COMPILATION_CONDITIONS = "DEBUG $(inherited)";
				SWIFT_OPTIMIZATION_LEVEL = "-Onone";
			};
			name = Debug;
		};
		464A44C52BD63CE6005214CB /* Release */ = {
			isa = XCBuildConfiguration;
			buildSettings = {
				ALWAYS_SEARCH_USER_PATHS = NO;
				ASSETCATALOG_COMPILER_GENERATE_SWIFT_ASSET_SYMBOL_EXTENSIONS = YES;
				CLANG_ANALYZER_NONNULL = YES;
				CLANG_ANALYZER_NUMBER_OBJECT_CONVERSION = YES_AGGRESSIVE;
				CLANG_CXX_LANGUAGE_STANDARD = "gnu++20";
				CLANG_ENABLE_MODULES = YES;
				CLANG_ENABLE_OBJC_ARC = YES;
				CLANG_ENABLE_OBJC_WEAK = YES;
				CLANG_WARN_BLOCK_CAPTURE_AUTORELEASING = YES;
				CLANG_WARN_BOOL_CONVERSION = YES;
				CLANG_WARN_COMMA = YES;
				CLANG_WARN_CONSTANT_CONVERSION = YES;
				CLANG_WARN_DEPRECATED_OBJC_IMPLEMENTATIONS = YES;
				CLANG_WARN_DIRECT_OBJC_ISA_USAGE = YES_ERROR;
				CLANG_WARN_DOCUMENTATION_COMMENTS = YES;
				CLANG_WARN_EMPTY_BODY = YES;
				CLANG_WARN_ENUM_CONVERSION = YES;
				CLANG_WARN_INFINITE_RECURSION = YES;
				CLANG_WARN_INT_CONVERSION = YES;
				CLANG_WARN_NON_LITERAL_NULL_CONVERSION = YES;
				CLANG_WARN_OBJC_IMPLICIT_RETAIN_SELF = YES;
				CLANG_WARN_OBJC_LITERAL_CONVERSION = YES;
				CLANG_WARN_OBJC_ROOT_CLASS = YES_ERROR;
				CLANG_WARN_QUOTED_INCLUDE_IN_FRAMEWORK_HEADER = YES;
				CLANG_WARN_RANGE_LOOP_ANALYSIS = YES;
				CLANG_WARN_STRICT_PROTOTYPES = YES;
				CLANG_WARN_SUSPICIOUS_MOVE = YES;
				CLANG_WARN_UNGUARDED_AVAILABILITY = YES_AGGRESSIVE;
				CLANG_WARN_UNREACHABLE_CODE = YES;
				CLANG_WARN__DUPLICATE_METHOD_MATCH = YES;
				COPY_PHASE_STRIP = NO;
				DEBUG_INFORMATION_FORMAT = "dwarf-with-dsym";
				ENABLE_NS_ASSERTIONS = NO;
				ENABLE_STRICT_OBJC_MSGSEND = YES;
				ENABLE_USER_SCRIPT_SANDBOXING = YES;
				GCC_C_LANGUAGE_STANDARD = gnu17;
				GCC_NO_COMMON_BLOCKS = YES;
				GCC_WARN_64_TO_32_BIT_CONVERSION = YES;
				GCC_WARN_ABOUT_RETURN_TYPE = YES_ERROR;
				GCC_WARN_UNDECLARED_SELECTOR = YES;
				GCC_WARN_UNINITIALIZED_AUTOS = YES_AGGRESSIVE;
				GCC_WARN_UNUSED_FUNCTION = YES;
				GCC_WARN_UNUSED_VARIABLE = YES;
				IPHONEOS_DEPLOYMENT_TARGET = 17.4;
				LOCALIZATION_PREFERS_STRING_CATALOGS = YES;
				MTL_ENABLE_DEBUG_INFO = NO;
				MTL_FAST_MATH = YES;
				SDKROOT = iphoneos;
				SWIFT_COMPILATION_MODE = wholemodule;
				VALIDATE_PRODUCT = YES;
			};
			name = Release;
		};
		464A44C72BD63CE6005214CB /* Debug */ = {
			isa = XCBuildConfiguration;
			buildSettings = {
				ASSETCATALOG_COMPILER_APPICON_NAME = AppIcon;
				ASSETCATALOG_COMPILER_GLOBAL_ACCENT_COLOR_NAME = AccentColor;
				CODE_SIGN_STYLE = Automatic;
				CURRENT_PROJECT_VERSION = 1;
				DEVELOPMENT_TEAM = H5Z575J4ZY;
				GENERATE_INFOPLIST_FILE = YES;
				INFOPLIST_FILE = HadiBilet/Info.plist;
				INFOPLIST_KEY_UIApplicationSupportsIndirectInputEvents = YES;
				INFOPLIST_KEY_UILaunchStoryboardName = LaunchScreen;
				INFOPLIST_KEY_UIMainStoryboardFile = Main;
				INFOPLIST_KEY_UISupportedInterfaceOrientations_iPad = "UIInterfaceOrientationPortrait UIInterfaceOrientationPortraitUpsideDown UIInterfaceOrientationLandscapeLeft UIInterfaceOrientationLandscapeRight";
				INFOPLIST_KEY_UISupportedInterfaceOrientations_iPhone = "UIInterfaceOrientationPortrait UIInterfaceOrientationLandscapeLeft UIInterfaceOrientationLandscapeRight";
				LD_RUNPATH_SEARCH_PATHS = (
					"$(inherited)",
					"@executable_path/Frameworks",
				);
				MARKETING_VERSION = 1.0;
				PRODUCT_BUNDLE_IDENTIFIER = homeworks.HadiBilet;
				PRODUCT_NAME = "$(TARGET_NAME)";
				SWIFT_EMIT_LOC_STRINGS = YES;
				SWIFT_VERSION = 5.0;
				TARGETED_DEVICE_FAMILY = "1,2";
			};
			name = Debug;
		};
		464A44C82BD63CE6005214CB /* Release */ = {
			isa = XCBuildConfiguration;
			buildSettings = {
				ASSETCATALOG_COMPILER_APPICON_NAME = AppIcon;
				ASSETCATALOG_COMPILER_GLOBAL_ACCENT_COLOR_NAME = AccentColor;
				CODE_SIGN_STYLE = Automatic;
				CURRENT_PROJECT_VERSION = 1;
				DEVELOPMENT_TEAM = H5Z575J4ZY;
				GENERATE_INFOPLIST_FILE = YES;
				INFOPLIST_FILE = HadiBilet/Info.plist;
				INFOPLIST_KEY_UIApplicationSupportsIndirectInputEvents = YES;
				INFOPLIST_KEY_UILaunchStoryboardName = LaunchScreen;
				INFOPLIST_KEY_UIMainStoryboardFile = Main;
				INFOPLIST_KEY_UISupportedInterfaceOrientations_iPad = "UIInterfaceOrientationPortrait UIInterfaceOrientationPortraitUpsideDown UIInterfaceOrientationLandscapeLeft UIInterfaceOrientationLandscapeRight";
				INFOPLIST_KEY_UISupportedInterfaceOrientations_iPhone = "UIInterfaceOrientationPortrait UIInterfaceOrientationLandscapeLeft UIInterfaceOrientationLandscapeRight";
				LD_RUNPATH_SEARCH_PATHS = (
					"$(inherited)",
					"@executable_path/Frameworks",
				);
				MARKETING_VERSION = 1.0;
				PRODUCT_BUNDLE_IDENTIFIER = homeworks.HadiBilet;
				PRODUCT_NAME = "$(TARGET_NAME)";
				SWIFT_EMIT_LOC_STRINGS = YES;
				SWIFT_VERSION = 5.0;
				TARGETED_DEVICE_FAMILY = "1,2";
			};
			name = Release;
		};
/* End XCBuildConfiguration section */

/* Begin XCConfigurationList section */
		464A44AD2BD63CE4005214CB /* Build configuration list for PBXProject "HadiBilet" */ = {
			isa = XCConfigurationList;
			buildConfigurations = (
				464A44C42BD63CE6005214CB /* Debug */,
				464A44C52BD63CE6005214CB /* Release */,
			);
			defaultConfigurationIsVisible = 0;
			defaultConfigurationName = Release;
		};
		464A44C62BD63CE6005214CB /* Build configuration list for PBXNativeTarget "HadiBilet" */ = {
			isa = XCConfigurationList;
			buildConfigurations = (
				464A44C72BD63CE6005214CB /* Debug */,
				464A44C82BD63CE6005214CB /* Release */,
			);
			defaultConfigurationIsVisible = 0;
			defaultConfigurationName = Release;
		};
/* End XCConfigurationList section */

/* Begin XCRemoteSwiftPackageReference section */
		46D1B37A2BD65FF500C5E154 /* XCRemoteSwiftPackageReference "firebase-ios-sdk" */ = {
			isa = XCRemoteSwiftPackageReference;
			repositoryURL = "https://github.com/firebase/firebase-ios-sdk";
			requirement = {
				kind = upToNextMajorVersion;
				minimumVersion = 10.24.0;
			};
		};
/* End XCRemoteSwiftPackageReference section */

/* Begin XCSwiftPackageProductDependency section */
		46D1B37B2BD65FF500C5E154 /* FirebaseAppCheck */ = {
			isa = XCSwiftPackageProductDependency;
			package = 46D1B37A2BD65FF500C5E154 /* XCRemoteSwiftPackageReference "firebase-ios-sdk" */;
			productName = FirebaseAppCheck;
		};
		46D1B37D2BD65FF500C5E154 /* FirebaseAppDistribution-Beta */ = {
			isa = XCSwiftPackageProductDependency;
			package = 46D1B37A2BD65FF500C5E154 /* XCRemoteSwiftPackageReference "firebase-ios-sdk" */;
			productName = "FirebaseAppDistribution-Beta";
		};
		46D1B37F2BD65FF500C5E154 /* FirebaseAuth */ = {
			isa = XCSwiftPackageProductDependency;
			package = 46D1B37A2BD65FF500C5E154 /* XCRemoteSwiftPackageReference "firebase-ios-sdk" */;
			productName = FirebaseAuth;
		};
		46D1B3812BD65FF500C5E154 /* FirebaseAuthCombine-Community */ = {
			isa = XCSwiftPackageProductDependency;
			package = 46D1B37A2BD65FF500C5E154 /* XCRemoteSwiftPackageReference "firebase-ios-sdk" */;
			productName = "FirebaseAuthCombine-Community";
		};
		46D1B3832BD65FF500C5E154 /* FirebaseDatabase */ = {
			isa = XCSwiftPackageProductDependency;
			package = 46D1B37A2BD65FF500C5E154 /* XCRemoteSwiftPackageReference "firebase-ios-sdk" */;
			productName = FirebaseDatabase;
		};
		46D1B3852BD65FF500C5E154 /* FirebaseDatabaseSwift */ = {
			isa = XCSwiftPackageProductDependency;
			package = 46D1B37A2BD65FF500C5E154 /* XCRemoteSwiftPackageReference "firebase-ios-sdk" */;
			productName = FirebaseDatabaseSwift;
		};
		46D1B3872BD65FF500C5E154 /* FirebaseFirestore */ = {
			isa = XCSwiftPackageProductDependency;
			package = 46D1B37A2BD65FF500C5E154 /* XCRemoteSwiftPackageReference "firebase-ios-sdk" */;
			productName = FirebaseFirestore;
		};
		46D1B3892BD65FF500C5E154 /* FirebaseFirestoreCombine-Community */ = {
			isa = XCSwiftPackageProductDependency;
			package = 46D1B37A2BD65FF500C5E154 /* XCRemoteSwiftPackageReference "firebase-ios-sdk" */;
			productName = "FirebaseFirestoreCombine-Community";
		};
		46D1B38B2BD65FF500C5E154 /* FirebaseFirestoreSwift */ = {
			isa = XCSwiftPackageProductDependency;
			package = 46D1B37A2BD65FF500C5E154 /* XCRemoteSwiftPackageReference "firebase-ios-sdk" */;
			productName = FirebaseFirestoreSwift;
		};
		46D1B38D2BD65FF500C5E154 /* FirebaseFunctions */ = {
			isa = XCSwiftPackageProductDependency;
			package = 46D1B37A2BD65FF500C5E154 /* XCRemoteSwiftPackageReference "firebase-ios-sdk" */;
			productName = FirebaseFunctions;
		};
		46D1B38F2BD65FF500C5E154 /* FirebaseFunctionsCombine-Community */ = {
			isa = XCSwiftPackageProductDependency;
			package = 46D1B37A2BD65FF500C5E154 /* XCRemoteSwiftPackageReference "firebase-ios-sdk" */;
			productName = "FirebaseFunctionsCombine-Community";
		};
		46D1B3912BD65FF500C5E154 /* FirebaseInAppMessaging-Beta */ = {
			isa = XCSwiftPackageProductDependency;
			package = 46D1B37A2BD65FF500C5E154 /* XCRemoteSwiftPackageReference "firebase-ios-sdk" */;
			productName = "FirebaseInAppMessaging-Beta";
		};
		46D1B3932BD65FF500C5E154 /* FirebaseInAppMessagingSwift-Beta */ = {
			isa = XCSwiftPackageProductDependency;
			package = 46D1B37A2BD65FF500C5E154 /* XCRemoteSwiftPackageReference "firebase-ios-sdk" */;
			productName = "FirebaseInAppMessagingSwift-Beta";
		};
		46D1B3952BD65FF500C5E154 /* FirebaseInstallations */ = {
			isa = XCSwiftPackageProductDependency;
			package = 46D1B37A2BD65FF500C5E154 /* XCRemoteSwiftPackageReference "firebase-ios-sdk" */;
			productName = FirebaseInstallations;
		};
		46D1B3972BD65FF500C5E154 /* FirebaseStorage */ = {
			isa = XCSwiftPackageProductDependency;
			package = 46D1B37A2BD65FF500C5E154 /* XCRemoteSwiftPackageReference "firebase-ios-sdk" */;
			productName = FirebaseStorage;
		};
		46D1B3992BD65FF500C5E154 /* FirebaseStorageCombine-Community */ = {
			isa = XCSwiftPackageProductDependency;
			package = 46D1B37A2BD65FF500C5E154 /* XCRemoteSwiftPackageReference "firebase-ios-sdk" */;
			productName = "FirebaseStorageCombine-Community";
		};
/* End XCSwiftPackageProductDependency section */

/* Begin XCVersionGroup section */
		46522E4A2BDEDBA40071E333 /* Tickets.xcdatamodeld */ = {
			isa = XCVersionGroup;
			children = (
				46522E4B2BDEDBA40071E333 /* Tickets.xcdatamodel */,
			);
			currentVersion = 46522E4B2BDEDBA40071E333 /* Tickets.xcdatamodel */;
			name = Tickets.xcdatamodeld;
			path = "/Users/ozsahin/Desktop/Turkcell/TGY2024-2-Homeworks/Projects/HadiBilet/HadiBilet/Tickets.xcdatamodeld";
			sourceTree = "<group>";
			versionGroupType = wrapper.xcdatamodel;
		};
/* End XCVersionGroup section */
	};
	rootObject = 464A44AA2BD63CE4005214CB /* Project object */;
}
