// !$*UTF8*$!
{
	archiveVersion = 1;
	classes = {
	};
	objectVersion = 56;
	objects = {

/* Begin PBXBuildFile section */
		461163DD2BB894D00021915E /* NetworkHelper.swift in Sources */ = {isa = PBXBuildFile; fileRef = 461163DC2BB894D00021915E /* NetworkHelper.swift */; };
		461163DF2BB8966A0021915E /* Weather.swift in Sources */ = {isa = PBXBuildFile; fileRef = 461163DE2BB8966A0021915E /* Weather.swift */; };
		46309DBE2BB78124005466FC /* AppDelegate.swift in Sources */ = {isa = PBXBuildFile; fileRef = 46309DBD2BB78124005466FC /* AppDelegate.swift */; };
		46309DC02BB78124005466FC /* SceneDelegate.swift in Sources */ = {isa = PBXBuildFile; fileRef = 46309DBF2BB78124005466FC /* SceneDelegate.swift */; };
		46309DC22BB78124005466FC /* ViewController.swift in Sources */ = {isa = PBXBuildFile; fileRef = 46309DC12BB78124005466FC /* ViewController.swift */; };
		46309DC52BB78124005466FC /* Base in Resources */ = {isa = PBXBuildFile; fileRef = 46309DC42BB78124005466FC /* Base */; };
		46309DCA2BB78126005466FC /* Base in Resources */ = {isa = PBXBuildFile; fileRef = 46309DC92BB78126005466FC /* Base */; };
		4670E5E02BB88F51001A4BFC /* Assets.xcassets in Resources */ = {isa = PBXBuildFile; fileRef = 4670E5DF2BB88F51001A4BFC /* Assets.xcassets */; };
/* End PBXBuildFile section */

/* Begin PBXFileReference section */
		461163DC2BB894D00021915E /* NetworkHelper.swift */ = {isa = PBXFileReference; lastKnownFileType = sourcecode.swift; path = NetworkHelper.swift; sourceTree = "<group>"; };
		461163DE2BB8966A0021915E /* Weather.swift */ = {isa = PBXFileReference; lastKnownFileType = sourcecode.swift; path = Weather.swift; sourceTree = "<group>"; };
		46309DBA2BB78124005466FC /* HavaDurumu.app */ = {isa = PBXFileReference; explicitFileType = wrapper.application; includeInIndex = 0; path = HavaDurumu.app; sourceTree = BUILT_PRODUCTS_DIR; };
		46309DBD2BB78124005466FC /* AppDelegate.swift */ = {isa = PBXFileReference; lastKnownFileType = sourcecode.swift; path = AppDelegate.swift; sourceTree = "<group>"; };
		46309DBF2BB78124005466FC /* SceneDelegate.swift */ = {isa = PBXFileReference; lastKnownFileType = sourcecode.swift; path = SceneDelegate.swift; sourceTree = "<group>"; };
		46309DC12BB78124005466FC /* ViewController.swift */ = {isa = PBXFileReference; lastKnownFileType = sourcecode.swift; path = ViewController.swift; sourceTree = "<group>"; };
		46309DC42BB78124005466FC /* Base */ = {isa = PBXFileReference; lastKnownFileType = file.storyboard; name = Base; path = Base.lproj/Main.storyboard; sourceTree = "<group>"; };
		46309DC92BB78126005466FC /* Base */ = {isa = PBXFileReference; lastKnownFileType = file.storyboard; name = Base; path = Base.lproj/LaunchScreen.storyboard; sourceTree = "<group>"; };
		46309DCB2BB78126005466FC /* Info.plist */ = {isa = PBXFileReference; lastKnownFileType = text.plist.xml; path = Info.plist; sourceTree = "<group>"; };
		4670E5DF2BB88F51001A4BFC /* Assets.xcassets */ = {isa = PBXFileReference; lastKnownFileType = folder.assetcatalog; name = Assets.xcassets; path = ../../../../component/component/Assets.xcassets; sourceTree = "<group>"; };
/* End PBXFileReference section */

/* Begin PBXFrameworksBuildPhase section */
		46309DB72BB78124005466FC /* Frameworks */ = {
			isa = PBXFrameworksBuildPhase;
			buildActionMask = 2147483647;
			files = (
			);
			runOnlyForDeploymentPostprocessing = 0;
		};
/* End PBXFrameworksBuildPhase section */

/* Begin PBXGroup section */
		46309DB12BB78124005466FC = {
			isa = PBXGroup;
			children = (
				46309DBC2BB78124005466FC /* HavaDurumu */,
				46309DBB2BB78124005466FC /* Products */,
			);
			sourceTree = "<group>";
		};
		46309DBB2BB78124005466FC /* Products */ = {
			isa = PBXGroup;
			children = (
				46309DBA2BB78124005466FC /* HavaDurumu.app */,
			);
			name = Products;
			sourceTree = "<group>";
		};
		46309DBC2BB78124005466FC /* HavaDurumu */ = {
			isa = PBXGroup;
			children = (
				46309DCB2BB78126005466FC /* Info.plist */,
				46E35E572BB88E7500585109 /* Supporting Files */,
				46E35E562BB88E5D00585109 /* Helpers */,
				46E35E552BB88E5200585109 /* Controllers */,
				46E35E542BB88E3D00585109 /* Views */,
				4639FDE52BB88DED006F9146 /* Models */,
			);
			path = HavaDurumu;
			sourceTree = "<group>";
		};
		4639FDE52BB88DED006F9146 /* Models */ = {
			isa = PBXGroup;
			children = (
				461163DE2BB8966A0021915E /* Weather.swift */,
			);
			path = Models;
			sourceTree = "<group>";
		};
		46E35E542BB88E3D00585109 /* Views */ = {
			isa = PBXGroup;
			children = (
				46309DC82BB78126005466FC /* LaunchScreen.storyboard */,
				46309DC32BB78124005466FC /* Main.storyboard */,
				4670E5DF2BB88F51001A4BFC /* Assets.xcassets */,
			);
			path = Views;
			sourceTree = "<group>";
		};
		46E35E552BB88E5200585109 /* Controllers */ = {
			isa = PBXGroup;
			children = (
				46309DC12BB78124005466FC /* ViewController.swift */,
			);
			path = Controllers;
			sourceTree = "<group>";
		};
		46E35E562BB88E5D00585109 /* Helpers */ = {
			isa = PBXGroup;
			children = (
				461163DC2BB894D00021915E /* NetworkHelper.swift */,
			);
			path = Helpers;
			sourceTree = "<group>";
		};
		46E35E572BB88E7500585109 /* Supporting Files */ = {
			isa = PBXGroup;
			children = (
				46309DBF2BB78124005466FC /* SceneDelegate.swift */,
				46309DBD2BB78124005466FC /* AppDelegate.swift */,
			);
			path = "Supporting Files";
			sourceTree = "<group>";
		};
/* End PBXGroup section */

/* Begin PBXNativeTarget section */
		46309DB92BB78124005466FC /* HavaDurumu */ = {
			isa = PBXNativeTarget;
			buildConfigurationList = 46309DCE2BB78126005466FC /* Build configuration list for PBXNativeTarget "HavaDurumu" */;
			buildPhases = (
				46309DB62BB78124005466FC /* Sources */,
				46309DB72BB78124005466FC /* Frameworks */,
				46309DB82BB78124005466FC /* Resources */,
			);
			buildRules = (
			);
			dependencies = (
			);
			name = HavaDurumu;
			productName = HavaDurumu;
			productReference = 46309DBA2BB78124005466FC /* HavaDurumu.app */;
			productType = "com.apple.product-type.application";
		};
/* End PBXNativeTarget section */

/* Begin PBXProject section */
		46309DB22BB78124005466FC /* Project object */ = {
			isa = PBXProject;
			attributes = {
				BuildIndependentTargetsInParallel = 1;
				LastSwiftUpdateCheck = 1530;
				LastUpgradeCheck = 1530;
				TargetAttributes = {
					46309DB92BB78124005466FC = {
						CreatedOnToolsVersion = 15.3;
					};
				};
			};
			buildConfigurationList = 46309DB52BB78124005466FC /* Build configuration list for PBXProject "HavaDurumu" */;
			compatibilityVersion = "Xcode 14.0";
			developmentRegion = en;
			hasScannedForEncodings = 0;
			knownRegions = (
				en,
				Base,
			);
			mainGroup = 46309DB12BB78124005466FC;
			productRefGroup = 46309DBB2BB78124005466FC /* Products */;
			projectDirPath = "";
			projectRoot = "";
			targets = (
				46309DB92BB78124005466FC /* HavaDurumu */,
			);
		};
/* End PBXProject section */

/* Begin PBXResourcesBuildPhase section */
		46309DB82BB78124005466FC /* Resources */ = {
			isa = PBXResourcesBuildPhase;
			buildActionMask = 2147483647;
			files = (
				46309DCA2BB78126005466FC /* Base in Resources */,
				4670E5E02BB88F51001A4BFC /* Assets.xcassets in Resources */,
				46309DC52BB78124005466FC /* Base in Resources */,
			);
			runOnlyForDeploymentPostprocessing = 0;
		};
/* End PBXResourcesBuildPhase section */

/* Begin PBXSourcesBuildPhase section */
		46309DB62BB78124005466FC /* Sources */ = {
			isa = PBXSourcesBuildPhase;
			buildActionMask = 2147483647;
			files = (
				461163DD2BB894D00021915E /* NetworkHelper.swift in Sources */,
				46309DC22BB78124005466FC /* ViewController.swift in Sources */,
				46309DBE2BB78124005466FC /* AppDelegate.swift in Sources */,
				46309DC02BB78124005466FC /* SceneDelegate.swift in Sources */,
				461163DF2BB8966A0021915E /* Weather.swift in Sources */,
			);
			runOnlyForDeploymentPostprocessing = 0;
		};
/* End PBXSourcesBuildPhase section */

/* Begin PBXVariantGroup section */
		46309DC32BB78124005466FC /* Main.storyboard */ = {
			isa = PBXVariantGroup;
			children = (
				46309DC42BB78124005466FC /* Base */,
			);
			name = Main.storyboard;
			sourceTree = "<group>";
		};
		46309DC82BB78126005466FC /* LaunchScreen.storyboard */ = {
			isa = PBXVariantGroup;
			children = (
				46309DC92BB78126005466FC /* Base */,
			);
			name = LaunchScreen.storyboard;
			sourceTree = "<group>";
		};
/* End PBXVariantGroup section */

/* Begin XCBuildConfiguration section */
		46309DCC2BB78126005466FC /* Debug */ = {
			isa = XCBuildConfiguration;
			buildSettings = {
				ALWAYS_SEARCH_USER_PATHS = NO;
				ASSETCATALOG_COMPILER_GENERATE_SWIFT_ASSET_SYMBOL_EXTENSIONS = YES;
				CLANG_ANALYZER_NONNULL = YES;
				CLANG_ANALYZER_NUMBER_OBJECT_CONVERSION = YES_AGGRESSIVE;
				CLANG_CXX_LANGUAGE_STANDARD = "gnu++20";
				CLANG_ENABLE_MODULES = YES;
				CLANG_ENABLE_OBJC_ARC = YES;
				CLANG_ENABLE_OBJC_WEAK = YES;
				CLANG_WARN_BLOCK_CAPTURE_AUTORELEASING = YES;
				CLANG_WARN_BOOL_CONVERSION = YES;
				CLANG_WARN_COMMA = YES;
				CLANG_WARN_CONSTANT_CONVERSION = YES;
				CLANG_WARN_DEPRECATED_OBJC_IMPLEMENTATIONS = YES;
				CLANG_WARN_DIRECT_OBJC_ISA_USAGE = YES_ERROR;
				CLANG_WARN_DOCUMENTATION_COMMENTS = YES;
				CLANG_WARN_EMPTY_BODY = YES;
				CLANG_WARN_ENUM_CONVERSION = YES;
				CLANG_WARN_INFINITE_RECURSION = YES;
				CLANG_WARN_INT_CONVERSION = YES;
				CLANG_WARN_NON_LITERAL_NULL_CONVERSION = YES;
				CLANG_WARN_OBJC_IMPLICIT_RETAIN_SELF = YES;
				CLANG_WARN_OBJC_LITERAL_CONVERSION = YES;
				CLANG_WARN_OBJC_ROOT_CLASS = YES_ERROR;
				CLANG_WARN_QUOTED_INCLUDE_IN_FRAMEWORK_HEADER = YES;
				CLANG_WARN_RANGE_LOOP_ANALYSIS = YES;
				CLANG_WARN_STRICT_PROTOTYPES = YES;
				CLANG_WARN_SUSPICIOUS_MOVE = YES;
				CLANG_WARN_UNGUARDED_AVAILABILITY = YES_AGGRESSIVE;
				CLANG_WARN_UNREACHABLE_CODE = YES;
				CLANG_WARN__DUPLICATE_METHOD_MATCH = YES;
				COPY_PHASE_STRIP = NO;
				DEBUG_INFORMATION_FORMAT = dwarf;
				ENABLE_STRICT_OBJC_MSGSEND = YES;
				ENABLE_TESTABILITY = YES;
				ENABLE_USER_SCRIPT_SANDBOXING = YES;
				GCC_C_LANGUAGE_STANDARD = gnu17;
				GCC_DYNAMIC_NO_PIC = NO;
				GCC_NO_COMMON_BLOCKS = YES;
				GCC_OPTIMIZATION_LEVEL = 0;
				GCC_PREPROCESSOR_DEFINITIONS = (
					"DEBUG=1",
					"$(inherited)",
				);
				GCC_WARN_64_TO_32_BIT_CONVERSION = YES;
				GCC_WARN_ABOUT_RETURN_TYPE = YES_ERROR;
				GCC_WARN_UNDECLARED_SELECTOR = YES;
				GCC_WARN_UNINITIALIZED_AUTOS = YES_AGGRESSIVE;
				GCC_WARN_UNUSED_FUNCTION = YES;
				GCC_WARN_UNUSED_VARIABLE = YES;
				IPHONEOS_DEPLOYMENT_TARGET = 17.4;
				LOCALIZATION_PREFERS_STRING_CATALOGS = YES;
				MTL_ENABLE_DEBUG_INFO = INCLUDE_SOURCE;
				MTL_FAST_MATH = YES;
				ONLY_ACTIVE_ARCH = YES;
				SDKROOT = iphoneos;
				SWIFT_ACTIVE_COMPILATION_CONDITIONS = "DEBUG $(inherited)";
				SWIFT_OPTIMIZATION_LEVEL = "-Onone";
			};
			name = Debug;
		};
		46309DCD2BB78126005466FC /* Release */ = {
			isa = XCBuildConfiguration;
			buildSettings = {
				ALWAYS_SEARCH_USER_PATHS = NO;
				ASSETCATALOG_COMPILER_GENERATE_SWIFT_ASSET_SYMBOL_EXTENSIONS = YES;
				CLANG_ANALYZER_NONNULL = YES;
				CLANG_ANALYZER_NUMBER_OBJECT_CONVERSION = YES_AGGRESSIVE;
				CLANG_CXX_LANGUAGE_STANDARD = "gnu++20";
				CLANG_ENABLE_MODULES = YES;
				CLANG_ENABLE_OBJC_ARC = YES;
				CLANG_ENABLE_OBJC_WEAK = YES;
				CLANG_WARN_BLOCK_CAPTURE_AUTORELEASING = YES;
				CLANG_WARN_BOOL_CONVERSION = YES;
				CLANG_WARN_COMMA = YES;
				CLANG_WARN_CONSTANT_CONVERSION = YES;
				CLANG_WARN_DEPRECATED_OBJC_IMPLEMENTATIONS = YES;
				CLANG_WARN_DIRECT_OBJC_ISA_USAGE = YES_ERROR;
				CLANG_WARN_DOCUMENTATION_COMMENTS = YES;
				CLANG_WARN_EMPTY_BODY = YES;
				CLANG_WARN_ENUM_CONVERSION = YES;
				CLANG_WARN_INFINITE_RECURSION = YES;
				CLANG_WARN_INT_CONVERSION = YES;
				CLANG_WARN_NON_LITERAL_NULL_CONVERSION = YES;
				CLANG_WARN_OBJC_IMPLICIT_RETAIN_SELF = YES;
				CLANG_WARN_OBJC_LITERAL_CONVERSION = YES;
				CLANG_WARN_OBJC_ROOT_CLASS = YES_ERROR;
				CLANG_WARN_QUOTED_INCLUDE_IN_FRAMEWORK_HEADER = YES;
				CLANG_WARN_RANGE_LOOP_ANALYSIS = YES;
				CLANG_WARN_STRICT_PROTOTYPES = YES;
				CLANG_WARN_SUSPICIOUS_MOVE = YES;
				CLANG_WARN_UNGUARDED_AVAILABILITY = YES_AGGRESSIVE;
				CLANG_WARN_UNREACHABLE_CODE = YES;
				CLANG_WARN__DUPLICATE_METHOD_MATCH = YES;
				COPY_PHASE_STRIP = NO;
				DEBUG_INFORMATION_FORMAT = "dwarf-with-dsym";
				ENABLE_NS_ASSERTIONS = NO;
				ENABLE_STRICT_OBJC_MSGSEND = YES;
				ENABLE_USER_SCRIPT_SANDBOXING = YES;
				GCC_C_LANGUAGE_STANDARD = gnu17;
				GCC_NO_COMMON_BLOCKS = YES;
				GCC_WARN_64_TO_32_BIT_CONVERSION = YES;
				GCC_WARN_ABOUT_RETURN_TYPE = YES_ERROR;
				GCC_WARN_UNDECLARED_SELECTOR = YES;
				GCC_WARN_UNINITIALIZED_AUTOS = YES_AGGRESSIVE;
				GCC_WARN_UNUSED_FUNCTION = YES;
				GCC_WARN_UNUSED_VARIABLE = YES;
				IPHONEOS_DEPLOYMENT_TARGET = 17.4;
				LOCALIZATION_PREFERS_STRING_CATALOGS = YES;
				MTL_ENABLE_DEBUG_INFO = NO;
				MTL_FAST_MATH = YES;
				SDKROOT = iphoneos;
				SWIFT_COMPILATION_MODE = wholemodule;
				VALIDATE_PRODUCT = YES;
			};
			name = Release;
		};
		46309DCF2BB78126005466FC /* Debug */ = {
			isa = XCBuildConfiguration;
			buildSettings = {
				ASSETCATALOG_COMPILER_APPICON_NAME = AppIcon;
				ASSETCATALOG_COMPILER_GLOBAL_ACCENT_COLOR_NAME = AccentColor;
				CODE_SIGN_STYLE = Automatic;
				CURRENT_PROJECT_VERSION = 1;
				GENERATE_INFOPLIST_FILE = YES;
				INFOPLIST_FILE = HavaDurumu/Info.plist;
				INFOPLIST_KEY_UIApplicationSupportsIndirectInputEvents = YES;
				INFOPLIST_KEY_UILaunchStoryboardName = LaunchScreen;
				INFOPLIST_KEY_UIMainStoryboardFile = Main;
				INFOPLIST_KEY_UISupportedInterfaceOrientations_iPad = "UIInterfaceOrientationPortrait UIInterfaceOrientationPortraitUpsideDown UIInterfaceOrientationLandscapeLeft UIInterfaceOrientationLandscapeRight";
				INFOPLIST_KEY_UISupportedInterfaceOrientations_iPhone = "UIInterfaceOrientationPortrait UIInterfaceOrientationLandscapeLeft UIInterfaceOrientationLandscapeRight";
				LD_RUNPATH_SEARCH_PATHS = (
					"$(inherited)",
					"@executable_path/Frameworks",
				);
				MARKETING_VERSION = 1.0;
				PRODUCT_BUNDLE_IDENTIFIER = mycomponent.HavaDurumu;
				PRODUCT_NAME = "$(TARGET_NAME)";
				SWIFT_EMIT_LOC_STRINGS = YES;
				SWIFT_VERSION = 5.0;
				TARGETED_DEVICE_FAMILY = "1,2";
			};
			name = Debug;
		};
		46309DD02BB78126005466FC /* Release */ = {
			isa = XCBuildConfiguration;
			buildSettings = {
				ASSETCATALOG_COMPILER_APPICON_NAME = AppIcon;
				ASSETCATALOG_COMPILER_GLOBAL_ACCENT_COLOR_NAME = AccentColor;
				CODE_SIGN_STYLE = Automatic;
				CURRENT_PROJECT_VERSION = 1;
				GENERATE_INFOPLIST_FILE = YES;
				INFOPLIST_FILE = HavaDurumu/Info.plist;
				INFOPLIST_KEY_UIApplicationSupportsIndirectInputEvents = YES;
				INFOPLIST_KEY_UILaunchStoryboardName = LaunchScreen;
				INFOPLIST_KEY_UIMainStoryboardFile = Main;
				INFOPLIST_KEY_UISupportedInterfaceOrientations_iPad = "UIInterfaceOrientationPortrait UIInterfaceOrientationPortraitUpsideDown UIInterfaceOrientationLandscapeLeft UIInterfaceOrientationLandscapeRight";
				INFOPLIST_KEY_UISupportedInterfaceOrientations_iPhone = "UIInterfaceOrientationPortrait UIInterfaceOrientationLandscapeLeft UIInterfaceOrientationLandscapeRight";
				LD_RUNPATH_SEARCH_PATHS = (
					"$(inherited)",
					"@executable_path/Frameworks",
				);
				MARKETING_VERSION = 1.0;
				PRODUCT_BUNDLE_IDENTIFIER = mycomponent.HavaDurumu;
				PRODUCT_NAME = "$(TARGET_NAME)";
				SWIFT_EMIT_LOC_STRINGS = YES;
				SWIFT_VERSION = 5.0;
				TARGETED_DEVICE_FAMILY = "1,2";
			};
			name = Release;
		};
/* End XCBuildConfiguration section */

/* Begin XCConfigurationList section */
		46309DB52BB78124005466FC /* Build configuration list for PBXProject "HavaDurumu" */ = {
			isa = XCConfigurationList;
			buildConfigurations = (
				46309DCC2BB78126005466FC /* Debug */,
				46309DCD2BB78126005466FC /* Release */,
			);
			defaultConfigurationIsVisible = 0;
			defaultConfigurationName = Release;
		};
		46309DCE2BB78126005466FC /* Build configuration list for PBXNativeTarget "HavaDurumu" */ = {
			isa = XCConfigurationList;
			buildConfigurations = (
				46309DCF2BB78126005466FC /* Debug */,
				46309DD02BB78126005466FC /* Release */,
			);
			defaultConfigurationIsVisible = 0;
			defaultConfigurationName = Release;
		};
/* End XCConfigurationList section */
	};
	rootObject = 46309DB22BB78124005466FC /* Project object */;
}
